
Microsoft Visual Studio Solution File, Format Version 12.00
# Visual Studio Version 16
VisualStudioVersion = 16.0.31205.134
MinimumVisualStudioVersion = 10.0.40219.1
Project("{E24C65DC-7377-472B-9ABA-BC803B73C61A}") = "Lab_10", "Lab_10\", "{D9F1A40B-E35A-4244-AC6F-F60C3B9185C1}"
	ProjectSection(WebsiteProperties) = preProject
		TargetFrameworkMoniker = ".NETFramework,Version%3Dv4.7.2"
		Debug.AspNetCompiler.VirtualPath = "/localhost_58820"
		Debug.AspNetCompiler.PhysicalPath = "Lab_10\"
		Debug.AspNetCompiler.TargetPath = "PrecompiledWeb\localhost_58820\"
		Debug.AspNetCompiler.Updateable = "true"
		Debug.AspNetCompiler.ForceOverwrite = "true"
		Debug.AspNetCompiler.FixedNames = "false"
		Debug.AspNetCompiler.Debug = "True"
		Release.AspNetCompiler.VirtualPath = "/localhost_58820"
		Release.AspNetCompiler.PhysicalPath = "Lab_10\"
		Release.AspNetCompiler.TargetPath = "PrecompiledWeb\localhost_58820\"
		Release.AspNetCompiler.Updateable = "true"
		Release.AspNetCompiler.ForceOverwrite = "true"
		Release.AspNetCompiler.FixedNames = "false"
		Release.AspNetCompiler.Debug = "False"
		VWDPort = "58820"
		DefaultWebSiteLanguage = "Visual Basic"
	EndProjectSection
EndProject
Global
	GlobalSection(SolutionConfigurationPlatforms) = preSolution
		Debug|Any CPU = Debug|Any CPU
	EndGlobalSection
	GlobalSection(ProjectConfigurationPlatforms) = postSolution
		{D9F1A40B-E35A-4244-AC6F-F60C3B9185C1}.Debug|Any CPU.ActiveCfg = Debug|Any CPU
		{D9F1A40B-E35A-4244-AC6F-F60C3B9185C1}.Debug|Any CPU.Build.0 = Debug|Any CPU
	EndGlobalSection
	GlobalSection(SolutionProperties) = preSolution
		HideSolutionNode = FALSE
	EndGlobalSection
	GlobalSection(ExtensibilityGlobals) = postSolution
		SolutionGuid = {508E2852-54FD-49EE-8AB0-7AE9705C5049}
	EndGlobalSection
EndGlobal
