
Microsoft Visual Studio Solution File, Format Version 12.00
# Visual Studio Version 16
VisualStudioVersion = 16.0.31205.134
MinimumVisualStudioVersion = 10.0.40219.1
Project("{E24C65DC-7377-472B-9ABA-BC803B73C61A}") = "Lab11", "Lab11\", "{3128C957-8582-40FE-AFAA-98CC853FBE32}"
	ProjectSection(WebsiteProperties) = preProject
		TargetFrameworkMoniker = ".NETFramework,Version%3Dv4.0"
		Debug.AspNetCompiler.VirtualPath = "/localhost_63342"
		Debug.AspNetCompiler.PhysicalPath = "Lab11\"
		Debug.AspNetCompiler.TargetPath = "PrecompiledWeb\localhost_63342\"
		Debug.AspNetCompiler.Updateable = "true"
		Debug.AspNetCompiler.ForceOverwrite = "true"
		Debug.AspNetCompiler.FixedNames = "false"
		Debug.AspNetCompiler.Debug = "True"
		Release.AspNetCompiler.VirtualPath = "/localhost_63342"
		Release.AspNetCompiler.PhysicalPath = "Lab11\"
		Release.AspNetCompiler.TargetPath = "PrecompiledWeb\localhost_63342\"
		Release.AspNetCompiler.Updateable = "true"
		Release.AspNetCompiler.ForceOverwrite = "true"
		Release.AspNetCompiler.FixedNames = "false"
		Release.AspNetCompiler.Debug = "False"
		VWDPort = "63342"
		SlnRelativePath = "Lab11\"
		DefaultWebSiteLanguage = "Visual Basic"
	EndProjectSection
EndProject
Global
	GlobalSection(SolutionConfigurationPlatforms) = preSolution
		Debug|Any CPU = Debug|Any CPU
	EndGlobalSection
	GlobalSection(ProjectConfigurationPlatforms) = postSolution
		{3128C957-8582-40FE-AFAA-98CC853FBE32}.Debug|Any CPU.ActiveCfg = Debug|Any CPU
		{3128C957-8582-40FE-AFAA-98CC853FBE32}.Debug|Any CPU.Build.0 = Debug|Any CPU
	EndGlobalSection
	GlobalSection(SolutionProperties) = preSolution
		HideSolutionNode = FALSE
	EndGlobalSection
	GlobalSection(ExtensibilityGlobals) = postSolution
		SolutionGuid = {941A86C4-F4E4-481D-AF55-6A070A469AC5}
	EndGlobalSection
EndGlobal
